arviz==1.2.0
arviz-base==1.2.0
arviz-plots==1.2.0
arviz-stats==1.2.0
cachetools==6.2.6
cloudpickle==3.1.2
cons==0.4.7
etuples==0.3.10
filelock==3.29.5
iniconfig==2.3.0
lazy-loader==0.5
llvmlite==0.47.0
logical-unification==0.4.7
markdown-it-py==4.2.0
mdurl==0.1.2
miniKanren==1.0.5
multipledispatch==1.0.0
numba==0.65.1
numpy==2.4.6
packaging==26.2
pandas==3.0.3
pluggy==1.6.0
Pygments==2.20.0
pymc==6.0.1
pytensor==3.0.7
pytest==9.1.1
python-dateutil==2.9.0.post0
rich==15.0.0
scipy==1.18.0
setuptools==83.0.0
six==1.17.0
threadpoolctl==3.6.0
toolz==1.1.0
typing_extensions==4.16.0
xarray==2026.4.0
xarray-einstats==0.10.0
